
Microsoft Visual Studio Solution File, Format Version 12.00
# Visual Studio 15
VisualStudioVersion = 15.0.27703.2000
MinimumVisualStudioVersion = 10.0.40219.1
Project("{FAE04EC0-301F-11D3-BF4B-00C04F79EFBC}") = "Shrekulator", "Shrekulator\Shrekulator.csproj", "{2B28A292-8D82-40E9-8F27-A7670349638D}"
EndProject
Project("{2150E333-8FDC-42A3-9474-1A3956D46DE8}") = "Solution Items", "Solution Items", "{95D49AED-E04C-41B7-A553-B6E864907053}"
	ProjectSection(SolutionItems) = preProject
		Shrekulator\LICENSE = Shrekulator\LICENSE
	EndProjectSection
EndProject
Global
	GlobalSection(SolutionConfigurationPlatforms) = preSolution
		Debug|Any CPU = Debug|Any CPU
		Release|Any CPU = Release|Any CPU
	EndGlobalSection
	GlobalSection(ProjectConfigurationPlatforms) = postSolution
		{2B28A292-8D82-40E9-8F27-A7670349638D}.Debug|Any CPU.ActiveCfg = Debug|Any CPU
		{2B28A292-8D82-40E9-8F27-A7670349638D}.Debug|Any CPU.Build.0 = Debug|Any CPU
		{2B28A292-8D82-40E9-8F27-A7670349638D}.Release|Any CPU.ActiveCfg = Release|Any CPU
		{2B28A292-8D82-40E9-8F27-A7670349638D}.Release|Any CPU.Build.0 = Release|Any CPU
	EndGlobalSection
	GlobalSection(SolutionProperties) = preSolution
		HideSolutionNode = FALSE
	EndGlobalSection
	GlobalSection(ExtensibilityGlobals) = postSolution
		SolutionGuid = {6164313C-BE6D-46F4-9D74-BE3930E0E445}
	EndGlobalSection
EndGlobal
